
Microsoft Visual Studio Solution File, Format Version 12.00
# Visual Studio Version 17
VisualStudioVersion = 17.7.34031.279
MinimumVisualStudioVersion = 10.0.40219.1
Project("{FAE04EC0-301F-11D3-BF4B-00C04F79EFBC}") = "MyFirstConsoleApp", "MyFirstConsoleApp.csproj", "{0595988A-22BB-404A-9CEE-DB01B3361F6C}"
EndProject
Global
	GlobalSection(SolutionConfigurationPlatforms) = preSolution
		Debug|Any CPU = Debug|Any CPU
		Release|Any CPU = Release|Any CPU
	EndGlobalSection
	GlobalSection(ProjectConfigurationPlatforms) = postSolution
		{0595988A-22BB-404A-9CEE-DB01B3361F6C}.Debug|Any CPU.ActiveCfg = Debug|Any CPU
		{0595988A-22BB-404A-9CEE-DB01B3361F6C}.Debug|Any CPU.Build.0 = Debug|Any CPU
		{0595988A-22BB-404A-9CEE-DB01B3361F6C}.Release|Any CPU.ActiveCfg = Release|Any CPU
		{0595988A-22BB-404A-9CEE-DB01B3361F6C}.Release|Any CPU.Build.0 = Release|Any CPU
	EndGlobalSection
	GlobalSection(SolutionProperties) = preSolution
		HideSolutionNode = FALSE
	EndGlobalSection
	GlobalSection(ExtensibilityGlobals) = postSolution
		SolutionGuid = {8D7A715D-34E9-4E16-B133-1CCDBFBE0FC3}
	EndGlobalSection
EndGlobal
